version = 1
revision = 3
requires-python = ">=3.13"

[[package]]
name = "et-xmlfile"
version = "2.0.0"
source = { registry = "https://pypi.org/simple" }
sdist = { url = "https://files.pythonhosted.org/packages/d3/38/af70d7ab1ae9d4da450eeec1fa3918940a5fafb9055e934af8d6eb0c2313/et_xmlfile-2.0.0.tar.gz", hash = "sha256:dab3f4764309081ce75662649be815c4c9081e88f0837825f90fd28317d4da54", size = 17234, upload-time = "2024-10-25T17:25:40.039Z" }
wheels = [
    { url = "https://files.pythonhosted.org/packages/c1/8b/5fe2cc11fee489817272089c4203e679c63b570a5aaeb18d852ae3cbba6a/et_xmlfile-2.0.0-py3-none-any.whl", hash = "sha256:7a91720bc756843502c3b7504c77b8fe44217c85c537d85037f0f536151b2caa", size = 18059, upload-time = "2024-10-25T17:25:39.051Z" },
]

[[package]]
name = "metro"
version = "0.1.0"
source = { editable = "." }
dependencies = [
    { name = "openpyxl" },
]

[package.metadata]
requires-dist = [{ name = "openpyxl", specifier = "==3.1.3" }]

[[package]]
name = "openpyxl"
version = "3.1.3"
source = { registry = "https://pypi.org/simple" }
dependencies = [
    { name = "et-xmlfile" },
]
sdist = { url = "https://files.pythonhosted.org/packages/e5/3b/745ab106476cc3ff6c82a053f1560422966e0a6a6eaee2d4b706daa26428/openpyxl-3.1.3.tar.gz", hash = "sha256:8dd482e5350125b2388070bb2477927be2e8ebc27df61178709bc8c8751da2f9", size = 188705, upload-time = "2024-05-29T18:12:14.647Z" }
wheels = [
    { url = "https://files.pythonhosted.org/packages/58/d9/796181a30827b12101786c21301f0f4536597a9249530916b1fdb5bbad91/openpyxl-3.1.3-py2.py3-none-any.whl", hash = "sha256:25071b558db709de9e8782c3d3e058af3b23ffb2fc6f40c8f0c45a154eced2c3", size = 251340, upload-time = "2024-05-29T18:12:12.671Z" },
]
